// !$*UTF8*$!
{
	archiveVersion = 1;
	classes = {
	};
	objectVersion = 56;
	objects = {

/* Begin PBXBuildFile section */
		3A18D6F52ADD4D9F00F09C16 /* AboutView.swift in Sources */ = {isa = PBXBuildFile; fileRef = 3A18D6F42ADD4D9F00F09C16 /* AboutView.swift */; };
		3A18D6F82ADD4F0200F09C16 /* AboutViewModel.swift in Sources */ = {isa = PBXBuildFile; fileRef = 3A18D6F72ADD4F0200F09C16 /* AboutViewModel.swift */; };
		3A18D6FB2ADD558F00F09C16 /* APIPage.swift in Sources */ = {isa = PBXBuildFile; fileRef = 3A18D6FA2ADD558F00F09C16 /* APIPage.swift */; };
		3A18D6FE2ADD57BA00F09C16 /* EnlacesView.swift in Sources */ = {isa = PBXBuildFile; fileRef = 3A18D6FD2ADD57BA00F09C16 /* EnlacesView.swift */; };
		3A18D7012ADD581A00F09C16 /* EnlacesViewModel.swift in Sources */ = {isa = PBXBuildFile; fileRef = 3A18D7002ADD581A00F09C16 /* EnlacesViewModel.swift */; };
		3A18D7032ADD589F00F09C16 /* CommonsFunctions.swift in Sources */ = {isa = PBXBuildFile; fileRef = 3A18D7022ADD589F00F09C16 /* CommonsFunctions.swift */; };
		3A18D7062ADD884F00F09C16 /* Colors.swift in Sources */ = {isa = PBXBuildFile; fileRef = 3A18D7052ADD884F00F09C16 /* Colors.swift */; };
		3A292E372AD6BD0E00908794 /* EpisodeCellView.swift in Sources */ = {isa = PBXBuildFile; fileRef = 3A292E362AD6BD0E00908794 /* EpisodeCellView.swift */; };
		3A292E392AD6BE2100908794 /* APIEpisodio.swift in Sources */ = {isa = PBXBuildFile; fileRef = 3A292E382AD6BE2100908794 /* APIEpisodio.swift */; };
		3A292E3B2AD6BE3600908794 /* Rendered.swift in Sources */ = {isa = PBXBuildFile; fileRef = 3A292E3A2AD6BE3600908794 /* Rendered.swift */; };
		3A292E3D2AD6BE4B00908794 /* AudioFile.swift in Sources */ = {isa = PBXBuildFile; fileRef = 3A292E3C2AD6BE4B00908794 /* AudioFile.swift */; };
		3A292E3F2AD6BFD900908794 /* PostCategory.swift in Sources */ = {isa = PBXBuildFile; fileRef = 3A292E3E2AD6BFD900908794 /* PostCategory.swift */; };
		3A292E412AD6C1E700908794 /* CategoriesView.swift in Sources */ = {isa = PBXBuildFile; fileRef = 3A292E402AD6C1E700908794 /* CategoriesView.swift */; };
		3A292E432AD6C36A00908794 /* CategoriesViewModel.swift in Sources */ = {isa = PBXBuildFile; fileRef = 3A292E422AD6C36A00908794 /* CategoriesViewModel.swift */; };
		3A292E452AD6C40600908794 /* APIPostCategory.swift in Sources */ = {isa = PBXBuildFile; fileRef = 3A292E442AD6C40600908794 /* APIPostCategory.swift */; };
		3A32422E2ADFD29300635879 /* Todo.md in Resources */ = {isa = PBXBuildFile; fileRef = 3A32422D2ADFD29300635879 /* Todo.md */; };
		3A3242302ADFD97D00635879 /* StepperPPSStyle.swift in Sources */ = {isa = PBXBuildFile; fileRef = 3A32422F2ADFD97D00635879 /* StepperPPSStyle.swift */; };
		3A3242342AE027B400635879 /* Container.swift in Sources */ = {isa = PBXBuildFile; fileRef = 3A3242332AE027B400635879 /* Container.swift */; };
		3A3242382AE0423200635879 /* ModelContainer.swift in Sources */ = {isa = PBXBuildFile; fileRef = 3A3242372AE0423200635879 /* ModelContainer.swift */; };
		3A36A7892AD55F2400968F50 /* URLExtension.swift in Sources */ = {isa = PBXBuildFile; fileRef = 3A36A7882AD55F2400968F50 /* URLExtension.swift */; };
		3A39E62B2AE126FE00FA9182 /* EpisodePreviewExtension.swift in Sources */ = {isa = PBXBuildFile; fileRef = 3A39E62A2AE126FE00FA9182 /* EpisodePreviewExtension.swift */; };
		3A4974842ACD5272005890E5 /* PodcastProximaParadaSwiftApp.swift in Sources */ = {isa = PBXBuildFile; fileRef = 3A4974832ACD5272005890E5 /* PodcastProximaParadaSwiftApp.swift */; };
		3A4974862ACD5272005890E5 /* ContentView.swift in Sources */ = {isa = PBXBuildFile; fileRef = 3A4974852ACD5272005890E5 /* ContentView.swift */; };
		3A4974882ACD5272005890E5 /* Item.swift in Sources */ = {isa = PBXBuildFile; fileRef = 3A4974872ACD5272005890E5 /* Item.swift */; };
		3A49748A2ACD5273005890E5 /* Assets.xcassets in Resources */ = {isa = PBXBuildFile; fileRef = 3A4974892ACD5273005890E5 /* Assets.xcassets */; };
		3A49748D2ACD5273005890E5 /* Preview Assets.xcassets in Resources */ = {isa = PBXBuildFile; fileRef = 3A49748C2ACD5273005890E5 /* Preview Assets.xcassets */; };
		3A4974962ACD5348005890E5 /* Episode.swift in Sources */ = {isa = PBXBuildFile; fileRef = 3A4974952ACD5348005890E5 /* Episode.swift */; };
		3A49749A2ACD53BC005890E5 /* Interface.swift in Sources */ = {isa = PBXBuildFile; fileRef = 3A4974992ACD53BC005890E5 /* Interface.swift */; };
		3A49749D2ACD5422005890E5 /* Network.swift in Sources */ = {isa = PBXBuildFile; fileRef = 3A49749C2ACD5422005890E5 /* Network.swift */; };
		3A49749F2ACD54C6005890E5 /* URLProduction.swift in Sources */ = {isa = PBXBuildFile; fileRef = 3A49749E2ACD54C6005890E5 /* URLProduction.swift */; };
		3A4974A72ACD56C6005890E5 /* PodcastProximaParadaSwiftTests.swift in Sources */ = {isa = PBXBuildFile; fileRef = 3A4974A62ACD56C6005890E5 /* PodcastProximaParadaSwiftTests.swift */; };
		3A4974AF2ACD5A26005890E5 /* EpisodesListView.swift in Sources */ = {isa = PBXBuildFile; fileRef = 3A4974AE2ACD5A26005890E5 /* EpisodesListView.swift */; };
		3A4974B22ACD6013005890E5 /* EpisodesListViewModel.swift in Sources */ = {isa = PBXBuildFile; fileRef = 3A4974B12ACD6013005890E5 /* EpisodesListViewModel.swift */; };
		3A4974B42ACD94A7005890E5 /* EpisodeDetailView.swift in Sources */ = {isa = PBXBuildFile; fileRef = 3A4974B32ACD94A7005890E5 /* EpisodeDetailView.swift */; };
		3A4974B72ACDA9DF005890E5 /* ListView.swift in Sources */ = {isa = PBXBuildFile; fileRef = 3A4974B62ACDA9DF005890E5 /* ListView.swift */; };
		3A7E8BB62ACF075600CE1459 /* DetailEpisodeViewModel.swift in Sources */ = {isa = PBXBuildFile; fileRef = 3A7E8BB52ACF075600CE1459 /* DetailEpisodeViewModel.swift */; };
		3A7E8BB82ACF157900CE1459 /* AudioEpisode.swift in Sources */ = {isa = PBXBuildFile; fileRef = 3A7E8BB72ACF157900CE1459 /* AudioEpisode.swift */; };
		3A87AEA72ADE9FFF003B8109 /* PlayerTimeObserver.swift in Sources */ = {isa = PBXBuildFile; fileRef = 3A87AEA62ADE9FFF003B8109 /* PlayerTimeObserver.swift */; };
		3A87AEA92ADEA623003B8109 /* PlayerItemObserver.swift in Sources */ = {isa = PBXBuildFile; fileRef = 3A87AEA82ADEA623003B8109 /* PlayerItemObserver.swift */; };
		3A87AEAB2ADEA740003B8109 /* PlayerDurationObserver.swift in Sources */ = {isa = PBXBuildFile; fileRef = 3A87AEAA2ADEA740003B8109 /* PlayerDurationObserver.swift */; };
		3A87AEAD2ADEA838003B8109 /* ReproductorControlsView.swift in Sources */ = {isa = PBXBuildFile; fileRef = 3A87AEAC2ADEA838003B8109 /* ReproductorControlsView.swift */; };
		3A87AEAF2ADEA863003B8109 /* PlaybackState.swift in Sources */ = {isa = PBXBuildFile; fileRef = 3A87AEAE2ADEA863003B8109 /* PlaybackState.swift */; };
		3A87AEB22ADEF8E9003B8109 /* TogglePPSStyle.swift in Sources */ = {isa = PBXBuildFile; fileRef = 3A87AEB12ADEF8E9003B8109 /* TogglePPSStyle.swift */; };
		3ACA32232AD33BDC00CC28B7 /* ReadMe.md in Resources */ = {isa = PBXBuildFile; fileRef = 3ACA32222AD33BDC00CC28B7 /* ReadMe.md */; };
		3ACA32262AD3438300CC28B7 /* ButtonStatusHStackView.swift in Sources */ = {isa = PBXBuildFile; fileRef = 3ACA32252AD3438300CC28B7 /* ButtonStatusHStackView.swift */; };
/* End PBXBuildFile section */

/* Begin PBXContainerItemProxy section */
		3A4974A82ACD56C6005890E5 /* PBXContainerItemProxy */ = {
			isa = PBXContainerItemProxy;
			containerPortal = 3A4974782ACD5272005890E5 /* Project object */;
			proxyType = 1;
			remoteGlobalIDString = 3A49747F2ACD5272005890E5;
			remoteInfo = PodcastProximaParadaSwift;
		};
/* End PBXContainerItemProxy section */

/* Begin PBXFileReference section */
		3A18D6F42ADD4D9F00F09C16 /* AboutView.swift */ = {isa = PBXFileReference; lastKnownFileType = sourcecode.swift; path = AboutView.swift; sourceTree = "<group>"; };
		3A18D6F72ADD4F0200F09C16 /* AboutViewModel.swift */ = {isa = PBXFileReference; lastKnownFileType = sourcecode.swift; path = AboutViewModel.swift; sourceTree = "<group>"; };
		3A18D6FA2ADD558F00F09C16 /* APIPage.swift */ = {isa = PBXFileReference; lastKnownFileType = sourcecode.swift; path = APIPage.swift; sourceTree = "<group>"; };
		3A18D6FD2ADD57BA00F09C16 /* EnlacesView.swift */ = {isa = PBXFileReference; lastKnownFileType = sourcecode.swift; path = EnlacesView.swift; sourceTree = "<group>"; };
		3A18D7002ADD581A00F09C16 /* EnlacesViewModel.swift */ = {isa = PBXFileReference; lastKnownFileType = sourcecode.swift; path = EnlacesViewModel.swift; sourceTree = "<group>"; };
		3A18D7022ADD589F00F09C16 /* CommonsFunctions.swift */ = {isa = PBXFileReference; lastKnownFileType = sourcecode.swift; path = CommonsFunctions.swift; sourceTree = "<group>"; };
		3A18D7052ADD884F00F09C16 /* Colors.swift */ = {isa = PBXFileReference; lastKnownFileType = sourcecode.swift; path = Colors.swift; sourceTree = "<group>"; };
		3A292E362AD6BD0E00908794 /* EpisodeCellView.swift */ = {isa = PBXFileReference; lastKnownFileType = sourcecode.swift; path = EpisodeCellView.swift; sourceTree = "<group>"; };
		3A292E382AD6BE2100908794 /* APIEpisodio.swift */ = {isa = PBXFileReference; lastKnownFileType = sourcecode.swift; path = APIEpisodio.swift; sourceTree = "<group>"; };
		3A292E3A2AD6BE3600908794 /* Rendered.swift */ = {isa = PBXFileReference; lastKnownFileType = sourcecode.swift; path = Rendered.swift; sourceTree = "<group>"; };
		3A292E3C2AD6BE4B00908794 /* AudioFile.swift */ = {isa = PBXFileReference; lastKnownFileType = sourcecode.swift; path = AudioFile.swift; sourceTree = "<group>"; };
		3A292E3E2AD6BFD900908794 /* PostCategory.swift */ = {isa = PBXFileReference; lastKnownFileType = sourcecode.swift; path = PostCategory.swift; sourceTree = "<group>"; };
		3A292E402AD6C1E700908794 /* CategoriesView.swift */ = {isa = PBXFileReference; lastKnownFileType = sourcecode.swift; path = CategoriesView.swift; sourceTree = "<group>"; };
		3A292E422AD6C36A00908794 /* CategoriesViewModel.swift */ = {isa = PBXFileReference; lastKnownFileType = sourcecode.swift; path = CategoriesViewModel.swift; sourceTree = "<group>"; };
		3A292E442AD6C40600908794 /* APIPostCategory.swift */ = {isa = PBXFileReference; lastKnownFileType = sourcecode.swift; path = APIPostCategory.swift; sourceTree = "<group>"; };
		3A32422D2ADFD29300635879 /* Todo.md */ = {isa = PBXFileReference; lastKnownFileType = net.daringfireball.markdown; path = Todo.md; sourceTree = "<group>"; };
		3A32422F2ADFD97D00635879 /* StepperPPSStyle.swift */ = {isa = PBXFileReference; lastKnownFileType = sourcecode.swift; path = StepperPPSStyle.swift; sourceTree = "<group>"; };
		3A3242332AE027B400635879 /* Container.swift */ = {isa = PBXFileReference; lastKnownFileType = sourcecode.swift; path = Container.swift; sourceTree = "<group>"; };
		3A3242372AE0423200635879 /* ModelContainer.swift */ = {isa = PBXFileReference; lastKnownFileType = sourcecode.swift; path = ModelContainer.swift; sourceTree = "<group>"; };
		3A36A7882AD55F2400968F50 /* URLExtension.swift */ = {isa = PBXFileReference; lastKnownFileType = sourcecode.swift; path = URLExtension.swift; sourceTree = "<group>"; };
		3A39E62A2AE126FE00FA9182 /* EpisodePreviewExtension.swift */ = {isa = PBXFileReference; lastKnownFileType = sourcecode.swift; path = EpisodePreviewExtension.swift; sourceTree = "<group>"; };
		3A4974802ACD5272005890E5 /* PodcastProximaParadaSwift.app */ = {isa = PBXFileReference; explicitFileType = wrapper.application; includeInIndex = 0; path = PodcastProximaParadaSwift.app; sourceTree = BUILT_PRODUCTS_DIR; };
		3A4974832ACD5272005890E5 /* PodcastProximaParadaSwiftApp.swift */ = {isa = PBXFileReference; lastKnownFileType = sourcecode.swift; path = PodcastProximaParadaSwiftApp.swift; sourceTree = "<group>"; };
		3A4974852ACD5272005890E5 /* ContentView.swift */ = {isa = PBXFileReference; lastKnownFileType = sourcecode.swift; path = ContentView.swift; sourceTree = "<group>"; };
		3A4974872ACD5272005890E5 /* Item.swift */ = {isa = PBXFileReference; lastKnownFileType = sourcecode.swift; path = Item.swift; sourceTree = "<group>"; };
		3A4974892ACD5273005890E5 /* Assets.xcassets */ = {isa = PBXFileReference; lastKnownFileType = folder.assetcatalog; path = Assets.xcassets; sourceTree = "<group>"; };
		3A49748C2ACD5273005890E5 /* Preview Assets.xcassets */ = {isa = PBXFileReference; lastKnownFileType = folder.assetcatalog; path = "Preview Assets.xcassets"; sourceTree = "<group>"; };
		3A4974952ACD5348005890E5 /* Episode.swift */ = {isa = PBXFileReference; lastKnownFileType = sourcecode.swift; path = Episode.swift; sourceTree = "<group>"; };
		3A4974992ACD53BC005890E5 /* Interface.swift */ = {isa = PBXFileReference; lastKnownFileType = sourcecode.swift; path = Interface.swift; sourceTree = "<group>"; };
		3A49749C2ACD5422005890E5 /* Network.swift */ = {isa = PBXFileReference; lastKnownFileType = sourcecode.swift; path = Network.swift; sourceTree = "<group>"; };
		3A49749E2ACD54C6005890E5 /* URLProduction.swift */ = {isa = PBXFileReference; lastKnownFileType = sourcecode.swift; path = URLProduction.swift; sourceTree = "<group>"; };
		3A4974A42ACD56C6005890E5 /* PodcastProximaParadaSwiftTests.xctest */ = {isa = PBXFileReference; explicitFileType = wrapper.cfbundle; includeInIndex = 0; path = PodcastProximaParadaSwiftTests.xctest; sourceTree = BUILT_PRODUCTS_DIR; };
		3A4974A62ACD56C6005890E5 /* PodcastProximaParadaSwiftTests.swift */ = {isa = PBXFileReference; lastKnownFileType = sourcecode.swift; path = PodcastProximaParadaSwiftTests.swift; sourceTree = "<group>"; };
		3A4974AE2ACD5A26005890E5 /* EpisodesListView.swift */ = {isa = PBXFileReference; lastKnownFileType = sourcecode.swift; path = EpisodesListView.swift; sourceTree = "<group>"; };
		3A4974B12ACD6013005890E5 /* EpisodesListViewModel.swift */ = {isa = PBXFileReference; lastKnownFileType = sourcecode.swift; path = EpisodesListViewModel.swift; sourceTree = "<group>"; };
		3A4974B32ACD94A7005890E5 /* EpisodeDetailView.swift */ = {isa = PBXFileReference; lastKnownFileType = sourcecode.swift; path = EpisodeDetailView.swift; sourceTree = "<group>"; };
		3A4974B62ACDA9DF005890E5 /* ListView.swift */ = {isa = PBXFileReference; lastKnownFileType = sourcecode.swift; path = ListView.swift; sourceTree = "<group>"; };
		3A7E8BB52ACF075600CE1459 /* DetailEpisodeViewModel.swift */ = {isa = PBXFileReference; lastKnownFileType = sourcecode.swift; path = DetailEpisodeViewModel.swift; sourceTree = "<group>"; };
		3A7E8BB72ACF157900CE1459 /* AudioEpisode.swift */ = {isa = PBXFileReference; lastKnownFileType = sourcecode.swift; path = AudioEpisode.swift; sourceTree = "<group>"; };
		3A87AEA62ADE9FFF003B8109 /* PlayerTimeObserver.swift */ = {isa = PBXFileReference; lastKnownFileType = sourcecode.swift; path = PlayerTimeObserver.swift; sourceTree = "<group>"; };
		3A87AEA82ADEA623003B8109 /* PlayerItemObserver.swift */ = {isa = PBXFileReference; lastKnownFileType = sourcecode.swift; path = PlayerItemObserver.swift; sourceTree = "<group>"; };
		3A87AEAA2ADEA740003B8109 /* PlayerDurationObserver.swift */ = {isa = PBXFileReference; lastKnownFileType = sourcecode.swift; path = PlayerDurationObserver.swift; sourceTree = "<group>"; };
		3A87AEAC2ADEA838003B8109 /* ReproductorControlsView.swift */ = {isa = PBXFileReference; lastKnownFileType = sourcecode.swift; path = ReproductorControlsView.swift; sourceTree = "<group>"; };
		3A87AEAE2ADEA863003B8109 /* PlaybackState.swift */ = {isa = PBXFileReference; lastKnownFileType = sourcecode.swift; path = PlaybackState.swift; sourceTree = "<group>"; };
		3A87AEB12ADEF8E9003B8109 /* TogglePPSStyle.swift */ = {isa = PBXFileReference; lastKnownFileType = sourcecode.swift; path = TogglePPSStyle.swift; sourceTree = "<group>"; };
		3ACA32222AD33BDC00CC28B7 /* ReadMe.md */ = {isa = PBXFileReference; lastKnownFileType = net.daringfireball.markdown; path = ReadMe.md; sourceTree = "<group>"; };
		3ACA32252AD3438300CC28B7 /* ButtonStatusHStackView.swift */ = {isa = PBXFileReference; lastKnownFileType = sourcecode.swift; path = ButtonStatusHStackView.swift; sourceTree = "<group>"; };
/* End PBXFileReference section */

/* Begin PBXFrameworksBuildPhase section */
		3A49747D2ACD5272005890E5 /* Frameworks */ = {
			isa = PBXFrameworksBuildPhase;
			buildActionMask = 2147483647;
			files = (
			);
			runOnlyForDeploymentPostprocessing = 0;
		};
		3A4974A12ACD56C6005890E5 /* Frameworks */ = {
			isa = PBXFrameworksBuildPhase;
			buildActionMask = 2147483647;
			files = (
			);
			runOnlyForDeploymentPostprocessing = 0;
		};
/* End PBXFrameworksBuildPhase section */

/* Begin PBXGroup section */
		3A18D6E82ADD4ACC00F09C16 /* Categories */ = {
			isa = PBXGroup;
			children = (
				3A18D6EB2ADD4AEA00F09C16 /* Model */,
				3A18D6E92ADD4AD600F09C16 /* View */,
				3A18D6EA2ADD4ADD00F09C16 /* ViewModel */,
			);
			name = Categories;
			sourceTree = "<group>";
		};
		3A18D6E92ADD4AD600F09C16 /* View */ = {
			isa = PBXGroup;
			children = (
				3A292E402AD6C1E700908794 /* CategoriesView.swift */,
			);
			name = View;
			sourceTree = "<group>";
		};
		3A18D6EA2ADD4ADD00F09C16 /* ViewModel */ = {
			isa = PBXGroup;
			children = (
				3A292E422AD6C36A00908794 /* CategoriesViewModel.swift */,
			);
			name = ViewModel;
			sourceTree = "<group>";
		};
		3A18D6EB2ADD4AEA00F09C16 /* Model */ = {
			isa = PBXGroup;
			children = (
				3A292E3E2AD6BFD900908794 /* PostCategory.swift */,
				3A292E442AD6C40600908794 /* APIPostCategory.swift */,
			);
			name = Model;
			sourceTree = "<group>";
		};
		3A18D6EC2ADD4AFA00F09C16 /* Detail */ = {
			isa = PBXGroup;
			children = (
				3A18D6EE2ADD4B2100F09C16 /* Model */,
				3A18D6EF2ADD4B3E00F09C16 /* View */,
				3A18D6ED2ADD4B0D00F09C16 /* ViewModel */,
				3A87AEB02ADEF8D8003B8109 /* Styles */,
			);
			name = Detail;
			sourceTree = "<group>";
		};
		3A18D6ED2ADD4B0D00F09C16 /* ViewModel */ = {
			isa = PBXGroup;
			children = (
				3A7E8BB52ACF075600CE1459 /* DetailEpisodeViewModel.swift */,
			);
			name = ViewModel;
			sourceTree = "<group>";
		};
		3A18D6EE2ADD4B2100F09C16 /* Model */ = {
			isa = PBXGroup;
			children = (
				3A292E3C2AD6BE4B00908794 /* AudioFile.swift */,
			);
			name = Model;
			sourceTree = "<group>";
		};
		3A18D6EF2ADD4B3E00F09C16 /* View */ = {
			isa = PBXGroup;
			children = (
				3A4974B32ACD94A7005890E5 /* EpisodeDetailView.swift */,
			);
			name = View;
			sourceTree = "<group>";
		};
		3A18D6F02ADD4B5600F09C16 /* Episodes */ = {
			isa = PBXGroup;
			children = (
				3A4974932ACD5313005890E5 /* Model */,
				3A4974AD2ACD59E5005890E5 /* View */,
				3A4974B02ACD6002005890E5 /* ViewModel */,
			);
			name = Episodes;
			sourceTree = "<group>";
		};
		3A18D6F12ADD4B7D00F09C16 /* Model */ = {
			isa = PBXGroup;
			children = (
				3A3242372AE0423200635879 /* ModelContainer.swift */,
				3A292E3A2AD6BE3600908794 /* Rendered.swift */,
			);
			name = Model;
			sourceTree = "<group>";
		};
		3A18D6F22ADD4BE700F09C16 /* About */ = {
			isa = PBXGroup;
			children = (
				3A18D6F92ADD557F00F09C16 /* Model */,
				3A18D6F32ADD4BEF00F09C16 /* View */,
				3A18D6F62ADD4EF500F09C16 /* ViewModel */,
			);
			name = About;
			sourceTree = "<group>";
		};
		3A18D6F32ADD4BEF00F09C16 /* View */ = {
			isa = PBXGroup;
			children = (
				3A18D6F42ADD4D9F00F09C16 /* AboutView.swift */,
			);
			name = View;
			sourceTree = "<group>";
		};
		3A18D6F62ADD4EF500F09C16 /* ViewModel */ = {
			isa = PBXGroup;
			children = (
				3A18D6F72ADD4F0200F09C16 /* AboutViewModel.swift */,
			);
			name = ViewModel;
			sourceTree = "<group>";
		};
		3A18D6F92ADD557F00F09C16 /* Model */ = {
			isa = PBXGroup;
			children = (
				3A18D6FA2ADD558F00F09C16 /* APIPage.swift */,
			);
			name = Model;
			sourceTree = "<group>";
		};
		3A18D6FC2ADD57AE00F09C16 /* Enlaces */ = {
			isa = PBXGroup;
			children = (
				3A39E62C2AE1274600FA9182 /* View */,
				3A18D6FF2ADD580D00F09C16 /* ViewModel */,
			);
			name = Enlaces;
			sourceTree = "<group>";
		};
		3A18D6FF2ADD580D00F09C16 /* ViewModel */ = {
			isa = PBXGroup;
			children = (
				3A18D7002ADD581A00F09C16 /* EnlacesViewModel.swift */,
			);
			name = ViewModel;
			sourceTree = "<group>";
		};
		3A18D7042ADD884500F09C16 /* Design */ = {
			isa = PBXGroup;
			children = (
				3A18D7052ADD884F00F09C16 /* Colors.swift */,
			);
			name = Design;
			sourceTree = "<group>";
		};
		3A36A7872AD55F1600968F50 /* Helpers */ = {
			isa = PBXGroup;
			children = (
				3A4974982ACD5393005890E5 /* Interface */,
				3A18D7042ADD884500F09C16 /* Design */,
				3A18D6F12ADD4B7D00F09C16 /* Model */,
				3A18D7022ADD589F00F09C16 /* CommonsFunctions.swift */,
			);
			name = Helpers;
			sourceTree = "<group>";
		};
		3A39E62C2AE1274600FA9182 /* View */ = {
			isa = PBXGroup;
			children = (
				3A18D6FD2ADD57BA00F09C16 /* EnlacesView.swift */,
			);
			name = View;
			sourceTree = "<group>";
		};
		3A4974772ACD5272005890E5 = {
			isa = PBXGroup;
			children = (
				3A32422D2ADFD29300635879 /* Todo.md */,
				3ACA32222AD33BDC00CC28B7 /* ReadMe.md */,
				3A4974822ACD5272005890E5 /* PodcastProximaParadaSwift */,
				3A4974A52ACD56C6005890E5 /* PodcastProximaParadaSwiftTests */,
				3A4974812ACD5272005890E5 /* Products */,
			);
			sourceTree = "<group>";
		};
		3A4974812ACD5272005890E5 /* Products */ = {
			isa = PBXGroup;
			children = (
				3A4974802ACD5272005890E5 /* PodcastProximaParadaSwift.app */,
				3A4974A42ACD56C6005890E5 /* PodcastProximaParadaSwiftTests.xctest */,
			);
			name = Products;
			sourceTree = "<group>";
		};
		3A4974822ACD5272005890E5 /* PodcastProximaParadaSwift */ = {
			isa = PBXGroup;
			children = (
				3A4974832ACD5272005890E5 /* PodcastProximaParadaSwiftApp.swift */,
				3A18D6F02ADD4B5600F09C16 /* Episodes */,
				3A18D6EC2ADD4AFA00F09C16 /* Detail */,
				3A18D6E82ADD4ACC00F09C16 /* Categories */,
				3A18D6FC2ADD57AE00F09C16 /* Enlaces */,
				3A18D6F22ADD4BE700F09C16 /* About */,
				3A87AEA52ADE9FEB003B8109 /* Reproductor */,
				3A49749B2ACD5419005890E5 /* Network */,
				3A36A7872AD55F1600968F50 /* Helpers */,
				3A4974B52ACD94C7005890E5 /* System */,
				3A49748B2ACD5273005890E5 /* Preview Content */,
			);
			path = PodcastProximaParadaSwift;
			sourceTree = "<group>";
		};
		3A49748B2ACD5273005890E5 /* Preview Content */ = {
			isa = PBXGroup;
			children = (
				3A49748C2ACD5273005890E5 /* Preview Assets.xcassets */,
				3A3242332AE027B400635879 /* Container.swift */,
				3A39E62A2AE126FE00FA9182 /* EpisodePreviewExtension.swift */,
			);
			path = "Preview Content";
			sourceTree = "<group>";
		};
		3A4974932ACD5313005890E5 /* Model */ = {
			isa = PBXGroup;
			children = (
				3A4974952ACD5348005890E5 /* Episode.swift */,
				3A7E8BB72ACF157900CE1459 /* AudioEpisode.swift */,
				3A292E382AD6BE2100908794 /* APIEpisodio.swift */,
			);
			name = Model;
			sourceTree = "<group>";
		};
		3A4974982ACD5393005890E5 /* Interface */ = {
			isa = PBXGroup;
			children = (
				3A36A7882AD55F2400968F50 /* URLExtension.swift */,
				3A4974992ACD53BC005890E5 /* Interface.swift */,
			);
			name = Interface;
			sourceTree = "<group>";
		};
		3A49749B2ACD5419005890E5 /* Network */ = {
			isa = PBXGroup;
			children = (
				3A49749C2ACD5422005890E5 /* Network.swift */,
				3A49749E2ACD54C6005890E5 /* URLProduction.swift */,
			);
			name = Network;
			sourceTree = "<group>";
		};
		3A4974A52ACD56C6005890E5 /* PodcastProximaParadaSwiftTests */ = {
			isa = PBXGroup;
			children = (
				3A4974A62ACD56C6005890E5 /* PodcastProximaParadaSwiftTests.swift */,
			);
			path = PodcastProximaParadaSwiftTests;
			sourceTree = "<group>";
		};
		3A4974AD2ACD59E5005890E5 /* View */ = {
			isa = PBXGroup;
			children = (
				3ACA32242AD3436800CC28B7 /* Subviews */,
				3A4974AE2ACD5A26005890E5 /* EpisodesListView.swift */,
				3A4974B62ACDA9DF005890E5 /* ListView.swift */,
			);
			name = View;
			sourceTree = "<group>";
		};
		3A4974B02ACD6002005890E5 /* ViewModel */ = {
			isa = PBXGroup;
			children = (
				3A4974B12ACD6013005890E5 /* EpisodesListViewModel.swift */,
			);
			name = ViewModel;
			sourceTree = "<group>";
		};
		3A4974B52ACD94C7005890E5 /* System */ = {
			isa = PBXGroup;
			children = (
				3A4974852ACD5272005890E5 /* ContentView.swift */,
				3A4974872ACD5272005890E5 /* Item.swift */,
				3A4974892ACD5273005890E5 /* Assets.xcassets */,
			);
			name = System;
			sourceTree = "<group>";
		};
		3A87AEA52ADE9FEB003B8109 /* Reproductor */ = {
			isa = PBXGroup;
			children = (
				3A87AEA62ADE9FFF003B8109 /* PlayerTimeObserver.swift */,
				3A87AEA82ADEA623003B8109 /* PlayerItemObserver.swift */,
				3A87AEAA2ADEA740003B8109 /* PlayerDurationObserver.swift */,
				3A87AEAC2ADEA838003B8109 /* ReproductorControlsView.swift */,
				3A87AEAE2ADEA863003B8109 /* PlaybackState.swift */,
			);
			name = Reproductor;
			sourceTree = "<group>";
		};
		3A87AEB02ADEF8D8003B8109 /* Styles */ = {
			isa = PBXGroup;
			children = (
				3A87AEB12ADEF8E9003B8109 /* TogglePPSStyle.swift */,
				3A32422F2ADFD97D00635879 /* StepperPPSStyle.swift */,
			);
			name = Styles;
			sourceTree = "<group>";
		};
		3ACA32242AD3436800CC28B7 /* Subviews */ = {
			isa = PBXGroup;
			children = (
				3ACA32252AD3438300CC28B7 /* ButtonStatusHStackView.swift */,
				3A292E362AD6BD0E00908794 /* EpisodeCellView.swift */,
			);
			name = Subviews;
			sourceTree = "<group>";
		};
/* End PBXGroup section */

/* Begin PBXNativeTarget section */
		3A49747F2ACD5272005890E5 /* PodcastProximaParadaSwift */ = {
			isa = PBXNativeTarget;
			buildConfigurationList = 3A4974902ACD5273005890E5 /* Build configuration list for PBXNativeTarget "PodcastProximaParadaSwift" */;
			buildPhases = (
				3A49747C2ACD5272005890E5 /* Sources */,
				3A49747D2ACD5272005890E5 /* Frameworks */,
				3A49747E2ACD5272005890E5 /* Resources */,
			);
			buildRules = (
			);
			dependencies = (
			);
			name = PodcastProximaParadaSwift;
			productName = PodcastProximaParadaSwift;
			productReference = 3A4974802ACD5272005890E5 /* PodcastProximaParadaSwift.app */;
			productType = "com.apple.product-type.application";
		};
		3A4974A32ACD56C6005890E5 /* PodcastProximaParadaSwiftTests */ = {
			isa = PBXNativeTarget;
			buildConfigurationList = 3A4974AA2ACD56C6005890E5 /* Build configuration list for PBXNativeTarget "PodcastProximaParadaSwiftTests" */;
			buildPhases = (
				3A4974A02ACD56C6005890E5 /* Sources */,
				3A4974A12ACD56C6005890E5 /* Frameworks */,
				3A4974A22ACD56C6005890E5 /* Resources */,
			);
			buildRules = (
			);
			dependencies = (
				3A4974A92ACD56C6005890E5 /* PBXTargetDependency */,
			);
			name = PodcastProximaParadaSwiftTests;
			productName = PodcastProximaParadaSwiftTests;
			productReference = 3A4974A42ACD56C6005890E5 /* PodcastProximaParadaSwiftTests.xctest */;
			productType = "com.apple.product-type.bundle.unit-test";
		};
/* End PBXNativeTarget section */

/* Begin PBXProject section */
		3A4974782ACD5272005890E5 /* Project object */ = {
			isa = PBXProject;
			attributes = {
				BuildIndependentTargetsInParallel = 1;
				LastSwiftUpdateCheck = 1500;
				LastUpgradeCheck = 1500;
				TargetAttributes = {
					3A49747F2ACD5272005890E5 = {
						CreatedOnToolsVersion = 15.0;
					};
					3A4974A32ACD56C6005890E5 = {
						CreatedOnToolsVersion = 15.0;
						TestTargetID = 3A49747F2ACD5272005890E5;
					};
				};
			};
			buildConfigurationList = 3A49747B2ACD5272005890E5 /* Build configuration list for PBXProject "PodcastProximaParadaSwift" */;
			compatibilityVersion = "Xcode 14.0";
			developmentRegion = en;
			hasScannedForEncodings = 0;
			knownRegions = (
				en,
				Base,
			);
			mainGroup = 3A4974772ACD5272005890E5;
			productRefGroup = 3A4974812ACD5272005890E5 /* Products */;
			projectDirPath = "";
			projectRoot = "";
			targets = (
				3A49747F2ACD5272005890E5 /* PodcastProximaParadaSwift */,
				3A4974A32ACD56C6005890E5 /* PodcastProximaParadaSwiftTests */,
			);
		};
/* End PBXProject section */

/* Begin PBXResourcesBuildPhase section */
		3A49747E2ACD5272005890E5 /* Resources */ = {
			isa = PBXResourcesBuildPhase;
			buildActionMask = 2147483647;
			files = (
				3A32422E2ADFD29300635879 /* Todo.md in Resources */,
				3A49748D2ACD5273005890E5 /* Preview Assets.xcassets in Resources */,
				3A49748A2ACD5273005890E5 /* Assets.xcassets in Resources */,
				3ACA32232AD33BDC00CC28B7 /* ReadMe.md in Resources */,
			);
			runOnlyForDeploymentPostprocessing = 0;
		};
		3A4974A22ACD56C6005890E5 /* Resources */ = {
			isa = PBXResourcesBuildPhase;
			buildActionMask = 2147483647;
			files = (
			);
			runOnlyForDeploymentPostprocessing = 0;
		};
/* End PBXResourcesBuildPhase section */

/* Begin PBXSourcesBuildPhase section */
		3A49747C2ACD5272005890E5 /* Sources */ = {
			isa = PBXSourcesBuildPhase;
			buildActionMask = 2147483647;
			files = (
				3A4974B22ACD6013005890E5 /* EpisodesListViewModel.swift in Sources */,
				3A18D6FE2ADD57BA00F09C16 /* EnlacesView.swift in Sources */,
				3A4974AF2ACD5A26005890E5 /* EpisodesListView.swift in Sources */,
				3A292E372AD6BD0E00908794 /* EpisodeCellView.swift in Sources */,
				3A4974862ACD5272005890E5 /* ContentView.swift in Sources */,
				3A18D6F52ADD4D9F00F09C16 /* AboutView.swift in Sources */,
				3A292E3D2AD6BE4B00908794 /* AudioFile.swift in Sources */,
				3A292E432AD6C36A00908794 /* CategoriesViewModel.swift in Sources */,
				3A39E62B2AE126FE00FA9182 /* EpisodePreviewExtension.swift in Sources */,
				3A87AEAD2ADEA838003B8109 /* ReproductorControlsView.swift in Sources */,
				3A4974B42ACD94A7005890E5 /* EpisodeDetailView.swift in Sources */,
				3A7E8BB82ACF157900CE1459 /* AudioEpisode.swift in Sources */,
				3A3242382AE0423200635879 /* ModelContainer.swift in Sources */,
				3A87AEAB2ADEA740003B8109 /* PlayerDurationObserver.swift in Sources */,
				3A3242302ADFD97D00635879 /* StepperPPSStyle.swift in Sources */,
				3A7E8BB62ACF075600CE1459 /* DetailEpisodeViewModel.swift in Sources */,
				3A292E412AD6C1E700908794 /* CategoriesView.swift in Sources */,
				3A18D7032ADD589F00F09C16 /* CommonsFunctions.swift in Sources */,
				3A292E3F2AD6BFD900908794 /* PostCategory.swift in Sources */,
				3A49749F2ACD54C6005890E5 /* URLProduction.swift in Sources */,
				3A49749A2ACD53BC005890E5 /* Interface.swift in Sources */,
				3A3242342AE027B400635879 /* Container.swift in Sources */,
				3ACA32262AD3438300CC28B7 /* ButtonStatusHStackView.swift in Sources */,
				3A292E3B2AD6BE3600908794 /* Rendered.swift in Sources */,
				3A87AEA92ADEA623003B8109 /* PlayerItemObserver.swift in Sources */,
				3A87AEAF2ADEA863003B8109 /* PlaybackState.swift in Sources */,
				3A87AEB22ADEF8E9003B8109 /* TogglePPSStyle.swift in Sources */,
				3A49749D2ACD5422005890E5 /* Network.swift in Sources */,
				3A4974962ACD5348005890E5 /* Episode.swift in Sources */,
				3A18D6FB2ADD558F00F09C16 /* APIPage.swift in Sources */,
				3A292E392AD6BE2100908794 /* APIEpisodio.swift in Sources */,
				3A4974B72ACDA9DF005890E5 /* ListView.swift in Sources */,
				3A4974882ACD5272005890E5 /* Item.swift in Sources */,
				3A18D7062ADD884F00F09C16 /* Colors.swift in Sources */,
				3A36A7892AD55F2400968F50 /* URLExtension.swift in Sources */,
				3A87AEA72ADE9FFF003B8109 /* PlayerTimeObserver.swift in Sources */,
				3A4974842ACD5272005890E5 /* PodcastProximaParadaSwiftApp.swift in Sources */,
				3A18D7012ADD581A00F09C16 /* EnlacesViewModel.swift in Sources */,
				3A292E452AD6C40600908794 /* APIPostCategory.swift in Sources */,
				3A18D6F82ADD4F0200F09C16 /* AboutViewModel.swift in Sources */,
			);
			runOnlyForDeploymentPostprocessing = 0;
		};
		3A4974A02ACD56C6005890E5 /* Sources */ = {
			isa = PBXSourcesBuildPhase;
			buildActionMask = 2147483647;
			files = (
				3A4974A72ACD56C6005890E5 /* PodcastProximaParadaSwiftTests.swift in Sources */,
			);
			runOnlyForDeploymentPostprocessing = 0;
		};
/* End PBXSourcesBuildPhase section */

/* Begin PBXTargetDependency section */
		3A4974A92ACD56C6005890E5 /* PBXTargetDependency */ = {
			isa = PBXTargetDependency;
			target = 3A49747F2ACD5272005890E5 /* PodcastProximaParadaSwift */;
			targetProxy = 3A4974A82ACD56C6005890E5 /* PBXContainerItemProxy */;
		};
/* End PBXTargetDependency section */

/* Begin XCBuildConfiguration section */
		3A49748E2ACD5273005890E5 /* Debug */ = {
			isa = XCBuildConfiguration;
			buildSettings = {
				ALWAYS_SEARCH_USER_PATHS = NO;
				ASSETCATALOG_COMPILER_GENERATE_SWIFT_ASSET_SYMBOL_EXTENSIONS = YES;
				CLANG_ANALYZER_NONNULL = YES;
				CLANG_ANALYZER_NUMBER_OBJECT_CONVERSION = YES_AGGRESSIVE;
				CLANG_CXX_LANGUAGE_STANDARD = "gnu++20";
				CLANG_ENABLE_MODULES = YES;
				CLANG_ENABLE_OBJC_ARC = YES;
				CLANG_ENABLE_OBJC_WEAK = YES;
				CLANG_WARN_BLOCK_CAPTURE_AUTORELEASING = YES;
				CLANG_WARN_BOOL_CONVERSION = YES;
				CLANG_WARN_COMMA = YES;
				CLANG_WARN_CONSTANT_CONVERSION = YES;
				CLANG_WARN_DEPRECATED_OBJC_IMPLEMENTATIONS = YES;
				CLANG_WARN_DIRECT_OBJC_ISA_USAGE = YES_ERROR;
				CLANG_WARN_DOCUMENTATION_COMMENTS = YES;
				CLANG_WARN_EMPTY_BODY = YES;
				CLANG_WARN_ENUM_CONVERSION = YES;
				CLANG_WARN_INFINITE_RECURSION = YES;
				CLANG_WARN_INT_CONVERSION = YES;
				CLANG_WARN_NON_LITERAL_NULL_CONVERSION = YES;
				CLANG_WARN_OBJC_IMPLICIT_RETAIN_SELF = YES;
				CLANG_WARN_OBJC_LITERAL_CONVERSION = YES;
				CLANG_WARN_OBJC_ROOT_CLASS = YES_ERROR;
				CLANG_WARN_QUOTED_INCLUDE_IN_FRAMEWORK_HEADER = YES;
				CLANG_WARN_RANGE_LOOP_ANALYSIS = YES;
				CLANG_WARN_STRICT_PROTOTYPES = YES;
				CLANG_WARN_SUSPICIOUS_MOVE = YES;
				CLANG_WARN_UNGUARDED_AVAILABILITY = YES_AGGRESSIVE;
				CLANG_WARN_UNREACHABLE_CODE = YES;
				CLANG_WARN__DUPLICATE_METHOD_MATCH = YES;
				COPY_PHASE_STRIP = NO;
				DEBUG_INFORMATION_FORMAT = dwarf;
				ENABLE_STRICT_OBJC_MSGSEND = YES;
				ENABLE_TESTABILITY = YES;
				ENABLE_USER_SCRIPT_SANDBOXING = YES;
				GCC_C_LANGUAGE_STANDARD = gnu17;
				GCC_DYNAMIC_NO_PIC = NO;
				GCC_NO_COMMON_BLOCKS = YES;
				GCC_OPTIMIZATION_LEVEL = 0;
				GCC_PREPROCESSOR_DEFINITIONS = (
					"DEBUG=1",
					"$(inherited)",
				);
				GCC_WARN_64_TO_32_BIT_CONVERSION = YES;
				GCC_WARN_ABOUT_RETURN_TYPE = YES_ERROR;
				GCC_WARN_UNDECLARED_SELECTOR = YES;
				GCC_WARN_UNINITIALIZED_AUTOS = YES_AGGRESSIVE;
				GCC_WARN_UNUSED_FUNCTION = YES;
				GCC_WARN_UNUSED_VARIABLE = YES;
				IPHONEOS_DEPLOYMENT_TARGET = 17.0;
				LOCALIZATION_PREFERS_STRING_CATALOGS = YES;
				MTL_ENABLE_DEBUG_INFO = INCLUDE_SOURCE;
				MTL_FAST_MATH = YES;
				ONLY_ACTIVE_ARCH = YES;
				SDKROOT = iphoneos;
				SWIFT_ACTIVE_COMPILATION_CONDITIONS = "DEBUG $(inherited)";
				SWIFT_OPTIMIZATION_LEVEL = "-Onone";
			};
			name = Debug;
		};
		3A49748F2ACD5273005890E5 /* Release */ = {
			isa = XCBuildConfiguration;
			buildSettings = {
				ALWAYS_SEARCH_USER_PATHS = NO;
				ASSETCATALOG_COMPILER_GENERATE_SWIFT_ASSET_SYMBOL_EXTENSIONS = YES;
				CLANG_ANALYZER_NONNULL = YES;
				CLANG_ANALYZER_NUMBER_OBJECT_CONVERSION = YES_AGGRESSIVE;
				CLANG_CXX_LANGUAGE_STANDARD = "gnu++20";
				CLANG_ENABLE_MODULES = YES;
				CLANG_ENABLE_OBJC_ARC = YES;
				CLANG_ENABLE_OBJC_WEAK = YES;
				CLANG_WARN_BLOCK_CAPTURE_AUTORELEASING = YES;
				CLANG_WARN_BOOL_CONVERSION = YES;
				CLANG_WARN_COMMA = YES;
				CLANG_WARN_CONSTANT_CONVERSION = YES;
				CLANG_WARN_DEPRECATED_OBJC_IMPLEMENTATIONS = YES;
				CLANG_WARN_DIRECT_OBJC_ISA_USAGE = YES_ERROR;
				CLANG_WARN_DOCUMENTATION_COMMENTS = YES;
				CLANG_WARN_EMPTY_BODY = YES;
				CLANG_WARN_ENUM_CONVERSION = YES;
				CLANG_WARN_INFINITE_RECURSION = YES;
				CLANG_WARN_INT_CONVERSION = YES;
				CLANG_WARN_NON_LITERAL_NULL_CONVERSION = YES;
				CLANG_WARN_OBJC_IMPLICIT_RETAIN_SELF = YES;
				CLANG_WARN_OBJC_LITERAL_CONVERSION = YES;
				CLANG_WARN_OBJC_ROOT_CLASS = YES_ERROR;
				CLANG_WARN_QUOTED_INCLUDE_IN_FRAMEWORK_HEADER = YES;
				CLANG_WARN_RANGE_LOOP_ANALYSIS = YES;
				CLANG_WARN_STRICT_PROTOTYPES = YES;
				CLANG_WARN_SUSPICIOUS_MOVE = YES;
				CLANG_WARN_UNGUARDED_AVAILABILITY = YES_AGGRESSIVE;
				CLANG_WARN_UNREACHABLE_CODE = YES;
				CLANG_WARN__DUPLICATE_METHOD_MATCH = YES;
				COPY_PHASE_STRIP = NO;
				DEBUG_INFORMATION_FORMAT = "dwarf-with-dsym";
				ENABLE_NS_ASSERTIONS = NO;
				ENABLE_STRICT_OBJC_MSGSEND = YES;
				ENABLE_USER_SCRIPT_SANDBOXING = YES;
				GCC_C_LANGUAGE_STANDARD = gnu17;
				GCC_NO_COMMON_BLOCKS = YES;
				GCC_WARN_64_TO_32_BIT_CONVERSION = YES;
				GCC_WARN_ABOUT_RETURN_TYPE = YES_ERROR;
				GCC_WARN_UNDECLARED_SELECTOR = YES;
				GCC_WARN_UNINITIALIZED_AUTOS = YES_AGGRESSIVE;
				GCC_WARN_UNUSED_FUNCTION = YES;
				GCC_WARN_UNUSED_VARIABLE = YES;
				IPHONEOS_DEPLOYMENT_TARGET = 17.0;
				LOCALIZATION_PREFERS_STRING_CATALOGS = YES;
				MTL_ENABLE_DEBUG_INFO = NO;
				MTL_FAST_MATH = YES;
				SDKROOT = iphoneos;
				SWIFT_COMPILATION_MODE = wholemodule;
				VALIDATE_PRODUCT = YES;
			};
			name = Release;
		};
		3A4974912ACD5273005890E5 /* Debug */ = {
			isa = XCBuildConfiguration;
			buildSettings = {
				ASSETCATALOG_COMPILER_APPICON_NAME = AppIcon;
				ASSETCATALOG_COMPILER_GLOBAL_ACCENT_COLOR_NAME = AccentColor;
				CODE_SIGN_STYLE = Automatic;
				CURRENT_PROJECT_VERSION = 1;
				DEVELOPMENT_ASSET_PATHS = "\"PodcastProximaParadaSwift/Preview Content\"";
				DEVELOPMENT_TEAM = 6SPUJN2479;
				ENABLE_PREVIEWS = YES;
				GENERATE_INFOPLIST_FILE = YES;
				INFOPLIST_KEY_UIApplicationSceneManifest_Generation = YES;
				INFOPLIST_KEY_UIApplicationSupportsIndirectInputEvents = YES;
				INFOPLIST_KEY_UILaunchScreen_Generation = YES;
				INFOPLIST_KEY_UISupportedInterfaceOrientations_iPad = "UIInterfaceOrientationPortrait UIInterfaceOrientationPortraitUpsideDown UIInterfaceOrientationLandscapeLeft UIInterfaceOrientationLandscapeRight";
				INFOPLIST_KEY_UISupportedInterfaceOrientations_iPhone = "UIInterfaceOrientationPortrait UIInterfaceOrientationLandscapeLeft UIInterfaceOrientationLandscapeRight";
				LD_RUNPATH_SEARCH_PATHS = (
					"$(inherited)",
					"@executable_path/Frameworks",
				);
				MARKETING_VERSION = 1.0;
				PRODUCT_BUNDLE_IDENTIFIER = dev.adrianiraizos.PodcastProximaParadaSwift;
				PRODUCT_NAME = "$(TARGET_NAME)";
				SWIFT_EMIT_LOC_STRINGS = YES;
				SWIFT_VERSION = 5.0;
				TARGETED_DEVICE_FAMILY = "1,2";
			};
			name = Debug;
		};
		3A4974922ACD5273005890E5 /* Release */ = {
			isa = XCBuildConfiguration;
			buildSettings = {
				ASSETCATALOG_COMPILER_APPICON_NAME = AppIcon;
				ASSETCATALOG_COMPILER_GLOBAL_ACCENT_COLOR_NAME = AccentColor;
				CODE_SIGN_STYLE = Automatic;
				CURRENT_PROJECT_VERSION = 1;
				DEVELOPMENT_ASSET_PATHS = "\"PodcastProximaParadaSwift/Preview Content\"";
				DEVELOPMENT_TEAM = 6SPUJN2479;
				ENABLE_PREVIEWS = YES;
				GENERATE_INFOPLIST_FILE = YES;
				INFOPLIST_KEY_UIApplicationSceneManifest_Generation = YES;
				INFOPLIST_KEY_UIApplicationSupportsIndirectInputEvents = YES;
				INFOPLIST_KEY_UILaunchScreen_Generation = YES;
				INFOPLIST_KEY_UISupportedInterfaceOrientations_iPad = "UIInterfaceOrientationPortrait UIInterfaceOrientationPortraitUpsideDown UIInterfaceOrientationLandscapeLeft UIInterfaceOrientationLandscapeRight";
				INFOPLIST_KEY_UISupportedInterfaceOrientations_iPhone = "UIInterfaceOrientationPortrait UIInterfaceOrientationLandscapeLeft UIInterfaceOrientationLandscapeRight";
				LD_RUNPATH_SEARCH_PATHS = (
					"$(inherited)",
					"@executable_path/Frameworks",
				);
				MARKETING_VERSION = 1.0;
				PRODUCT_BUNDLE_IDENTIFIER = dev.adrianiraizos.PodcastProximaParadaSwift;
				PRODUCT_NAME = "$(TARGET_NAME)";
				SWIFT_EMIT_LOC_STRINGS = YES;
				SWIFT_VERSION = 5.0;
				TARGETED_DEVICE_FAMILY = "1,2";
			};
			name = Release;
		};
		3A4974AB2ACD56C6005890E5 /* Debug */ = {
			isa = XCBuildConfiguration;
			buildSettings = {
				BUNDLE_LOADER = "$(TEST_HOST)";
				CODE_SIGN_STYLE = Automatic;
				CURRENT_PROJECT_VERSION = 1;
				DEVELOPMENT_TEAM = 6SPUJN2479;
				GENERATE_INFOPLIST_FILE = YES;
				MARKETING_VERSION = 1.0;
				PRODUCT_BUNDLE_IDENTIFIER = dev.adrianiraizos.PodcastProximaParadaSwiftTests;
				PRODUCT_NAME = "$(TARGET_NAME)";
				SWIFT_EMIT_LOC_STRINGS = NO;
				SWIFT_VERSION = 5.0;
				TARGETED_DEVICE_FAMILY = "1,2";
				TEST_HOST = "$(BUILT_PRODUCTS_DIR)/PodcastProximaParadaSwift.app/$(BUNDLE_EXECUTABLE_FOLDER_PATH)/PodcastProximaParadaSwift";
			};
			name = Debug;
		};
		3A4974AC2ACD56C6005890E5 /* Release */ = {
			isa = XCBuildConfiguration;
			buildSettings = {
				BUNDLE_LOADER = "$(TEST_HOST)";
				CODE_SIGN_STYLE = Automatic;
				CURRENT_PROJECT_VERSION = 1;
				DEVELOPMENT_TEAM = 6SPUJN2479;
				GENERATE_INFOPLIST_FILE = YES;
				MARKETING_VERSION = 1.0;
				PRODUCT_BUNDLE_IDENTIFIER = dev.adrianiraizos.PodcastProximaParadaSwiftTests;
				PRODUCT_NAME = "$(TARGET_NAME)";
				SWIFT_EMIT_LOC_STRINGS = NO;
				SWIFT_VERSION = 5.0;
				TARGETED_DEVICE_FAMILY = "1,2";
				TEST_HOST = "$(BUILT_PRODUCTS_DIR)/PodcastProximaParadaSwift.app/$(BUNDLE_EXECUTABLE_FOLDER_PATH)/PodcastProximaParadaSwift";
			};
			name = Release;
		};
/* End XCBuildConfiguration section */

/* Begin XCConfigurationList section */
		3A49747B2ACD5272005890E5 /* Build configuration list for PBXProject "PodcastProximaParadaSwift" */ = {
			isa = XCConfigurationList;
			buildConfigurations = (
				3A49748E2ACD5273005890E5 /* Debug */,
				3A49748F2ACD5273005890E5 /* Release */,
			);
			defaultConfigurationIsVisible = 0;
			defaultConfigurationName = Release;
		};
		3A4974902ACD5273005890E5 /* Build configuration list for PBXNativeTarget "PodcastProximaParadaSwift" */ = {
			isa = XCConfigurationList;
			buildConfigurations = (
				3A4974912ACD5273005890E5 /* Debug */,
				3A4974922ACD5273005890E5 /* Release */,
			);
			defaultConfigurationIsVisible = 0;
			defaultConfigurationName = Release;
		};
		3A4974AA2ACD56C6005890E5 /* Build configuration list for PBXNativeTarget "PodcastProximaParadaSwiftTests" */ = {
			isa = XCConfigurationList;
			buildConfigurations = (
				3A4974AB2ACD56C6005890E5 /* Debug */,
				3A4974AC2ACD56C6005890E5 /* Release */,
			);
			defaultConfigurationIsVisible = 0;
			defaultConfigurationName = Release;
		};
/* End XCConfigurationList section */
	};
	rootObject = 3A4974782ACD5272005890E5 /* Project object */;
}
