// !$*UTF8*$!
{
	archiveVersion = 1;
	classes = {
	};
	objectVersion = 56;
	objects = {

/* Begin PBXBuildFile section */
		3A4974842ACD5272005890E5 /* PodcastProximaParadaSwiftApp.swift in Sources */ = {isa = PBXBuildFile; fileRef = 3A4974832ACD5272005890E5 /* PodcastProximaParadaSwiftApp.swift */; };
		3A4974862ACD5272005890E5 /* ContentView.swift in Sources */ = {isa = PBXBuildFile; fileRef = 3A4974852ACD5272005890E5 /* ContentView.swift */; };
		3A4974882ACD5272005890E5 /* Item.swift in Sources */ = {isa = PBXBuildFile; fileRef = 3A4974872ACD5272005890E5 /* Item.swift */; };
		3A49748A2ACD5273005890E5 /* Assets.xcassets in Resources */ = {isa = PBXBuildFile; fileRef = 3A4974892ACD5273005890E5 /* Assets.xcassets */; };
		3A49748D2ACD5273005890E5 /* Preview Assets.xcassets in Resources */ = {isa = PBXBuildFile; fileRef = 3A49748C2ACD5273005890E5 /* Preview Assets.xcassets */; };
		3A4974962ACD5348005890E5 /* Episode.swift in Sources */ = {isa = PBXBuildFile; fileRef = 3A4974952ACD5348005890E5 /* Episode.swift */; };
		3A49749A2ACD53BC005890E5 /* Interface.swift in Sources */ = {isa = PBXBuildFile; fileRef = 3A4974992ACD53BC005890E5 /* Interface.swift */; };
		3A49749D2ACD5422005890E5 /* Network.swift in Sources */ = {isa = PBXBuildFile; fileRef = 3A49749C2ACD5422005890E5 /* Network.swift */; };
		3A49749F2ACD54C6005890E5 /* URLProduction.swift in Sources */ = {isa = PBXBuildFile; fileRef = 3A49749E2ACD54C6005890E5 /* URLProduction.swift */; };
		3A4974A72ACD56C6005890E5 /* PodcastProximaParadaSwiftTests.swift in Sources */ = {isa = PBXBuildFile; fileRef = 3A4974A62ACD56C6005890E5 /* PodcastProximaParadaSwiftTests.swift */; };
/* End PBXBuildFile section */

/* Begin PBXContainerItemProxy section */
		3A4974A82ACD56C6005890E5 /* PBXContainerItemProxy */ = {
			isa = PBXContainerItemProxy;
			containerPortal = 3A4974782ACD5272005890E5 /* Project object */;
			proxyType = 1;
			remoteGlobalIDString = 3A49747F2ACD5272005890E5;
			remoteInfo = PodcastProximaParadaSwift;
		};
/* End PBXContainerItemProxy section */

/* Begin PBXFileReference section */
		3A4974802ACD5272005890E5 /* PodcastProximaParadaSwift.app */ = {isa = PBXFileReference; explicitFileType = wrapper.application; includeInIndex = 0; path = PodcastProximaParadaSwift.app; sourceTree = BUILT_PRODUCTS_DIR; };
		3A4974832ACD5272005890E5 /* PodcastProximaParadaSwiftApp.swift */ = {isa = PBXFileReference; lastKnownFileType = sourcecode.swift; path = PodcastProximaParadaSwiftApp.swift; sourceTree = "<group>"; };
		3A4974852ACD5272005890E5 /* ContentView.swift */ = {isa = PBXFileReference; lastKnownFileType = sourcecode.swift; path = ContentView.swift; sourceTree = "<group>"; };
		3A4974872ACD5272005890E5 /* Item.swift */ = {isa = PBXFileReference; lastKnownFileType = sourcecode.swift; path = Item.swift; sourceTree = "<group>"; };
		3A4974892ACD5273005890E5 /* Assets.xcassets */ = {isa = PBXFileReference; lastKnownFileType = folder.assetcatalog; path = Assets.xcassets; sourceTree = "<group>"; };
		3A49748C2ACD5273005890E5 /* Preview Assets.xcassets */ = {isa = PBXFileReference; lastKnownFileType = folder.assetcatalog; path = "Preview Assets.xcassets"; sourceTree = "<group>"; };
		3A4974952ACD5348005890E5 /* Episode.swift */ = {isa = PBXFileReference; lastKnownFileType = sourcecode.swift; path = Episode.swift; sourceTree = "<group>"; };
		3A4974992ACD53BC005890E5 /* Interface.swift */ = {isa = PBXFileReference; lastKnownFileType = sourcecode.swift; path = Interface.swift; sourceTree = "<group>"; };
		3A49749C2ACD5422005890E5 /* Network.swift */ = {isa = PBXFileReference; lastKnownFileType = sourcecode.swift; path = Network.swift; sourceTree = "<group>"; };
		3A49749E2ACD54C6005890E5 /* URLProduction.swift */ = {isa = PBXFileReference; lastKnownFileType = sourcecode.swift; path = URLProduction.swift; sourceTree = "<group>"; };
		3A4974A42ACD56C6005890E5 /* PodcastProximaParadaSwiftTests.xctest */ = {isa = PBXFileReference; explicitFileType = wrapper.cfbundle; includeInIndex = 0; path = PodcastProximaParadaSwiftTests.xctest; sourceTree = BUILT_PRODUCTS_DIR; };
		3A4974A62ACD56C6005890E5 /* PodcastProximaParadaSwiftTests.swift */ = {isa = PBXFileReference; lastKnownFileType = sourcecode.swift; path = PodcastProximaParadaSwiftTests.swift; sourceTree = "<group>"; };
/* End PBXFileReference section */

/* Begin PBXFrameworksBuildPhase section */
		3A49747D2ACD5272005890E5 /* Frameworks */ = {
			isa = PBXFrameworksBuildPhase;
			buildActionMask = 2147483647;
			files = (
			);
			runOnlyForDeploymentPostprocessing = 0;
		};
		3A4974A12ACD56C6005890E5 /* Frameworks */ = {
			isa = PBXFrameworksBuildPhase;
			buildActionMask = 2147483647;
			files = (
			);
			runOnlyForDeploymentPostprocessing = 0;
		};
/* End PBXFrameworksBuildPhase section */

/* Begin PBXGroup section */
		3A4974772ACD5272005890E5 = {
			isa = PBXGroup;
			children = (
				3A4974822ACD5272005890E5 /* PodcastProximaParadaSwift */,
				3A4974A52ACD56C6005890E5 /* PodcastProximaParadaSwiftTests */,
				3A4974812ACD5272005890E5 /* Products */,
			);
			sourceTree = "<group>";
		};
		3A4974812ACD5272005890E5 /* Products */ = {
			isa = PBXGroup;
			children = (
				3A4974802ACD5272005890E5 /* PodcastProximaParadaSwift.app */,
				3A4974A42ACD56C6005890E5 /* PodcastProximaParadaSwiftTests.xctest */,
			);
			name = Products;
			sourceTree = "<group>";
		};
		3A4974822ACD5272005890E5 /* PodcastProximaParadaSwift */ = {
			isa = PBXGroup;
			children = (
				3A49749B2ACD5419005890E5 /* Network */,
				3A4974982ACD5393005890E5 /* Interface */,
				3A4974932ACD5313005890E5 /* Model */,
				3A4974832ACD5272005890E5 /* PodcastProximaParadaSwiftApp.swift */,
				3A4974852ACD5272005890E5 /* ContentView.swift */,
				3A4974872ACD5272005890E5 /* Item.swift */,
				3A4974892ACD5273005890E5 /* Assets.xcassets */,
				3A49748B2ACD5273005890E5 /* Preview Content */,
			);
			path = PodcastProximaParadaSwift;
			sourceTree = "<group>";
		};
		3A49748B2ACD5273005890E5 /* Preview Content */ = {
			isa = PBXGroup;
			children = (
				3A49748C2ACD5273005890E5 /* Preview Assets.xcassets */,
			);
			path = "Preview Content";
			sourceTree = "<group>";
		};
		3A4974932ACD5313005890E5 /* Model */ = {
			isa = PBXGroup;
			children = (
				3A4974952ACD5348005890E5 /* Episode.swift */,
			);
			name = Model;
			sourceTree = "<group>";
		};
		3A4974982ACD5393005890E5 /* Interface */ = {
			isa = PBXGroup;
			children = (
				3A4974992ACD53BC005890E5 /* Interface.swift */,
			);
			name = Interface;
			sourceTree = "<group>";
		};
		3A49749B2ACD5419005890E5 /* Network */ = {
			isa = PBXGroup;
			children = (
				3A49749C2ACD5422005890E5 /* Network.swift */,
				3A49749E2ACD54C6005890E5 /* URLProduction.swift */,
			);
			name = Network;
			sourceTree = "<group>";
		};
		3A4974A52ACD56C6005890E5 /* PodcastProximaParadaSwiftTests */ = {
			isa = PBXGroup;
			children = (
				3A4974A62ACD56C6005890E5 /* PodcastProximaParadaSwiftTests.swift */,
			);
			path = PodcastProximaParadaSwiftTests;
			sourceTree = "<group>";
		};
/* End PBXGroup section */

/* Begin PBXNativeTarget section */
		3A49747F2ACD5272005890E5 /* PodcastProximaParadaSwift */ = {
			isa = PBXNativeTarget;
			buildConfigurationList = 3A4974902ACD5273005890E5 /* Build configuration list for PBXNativeTarget "PodcastProximaParadaSwift" */;
			buildPhases = (
				3A49747C2ACD5272005890E5 /* Sources */,
				3A49747D2ACD5272005890E5 /* Frameworks */,
				3A49747E2ACD5272005890E5 /* Resources */,
			);
			buildRules = (
			);
			dependencies = (
			);
			name = PodcastProximaParadaSwift;
			productName = PodcastProximaParadaSwift;
			productReference = 3A4974802ACD5272005890E5 /* PodcastProximaParadaSwift.app */;
			productType = "com.apple.product-type.application";
		};
		3A4974A32ACD56C6005890E5 /* PodcastProximaParadaSwiftTests */ = {
			isa = PBXNativeTarget;
			buildConfigurationList = 3A4974AA2ACD56C6005890E5 /* Build configuration list for PBXNativeTarget "PodcastProximaParadaSwiftTests" */;
			buildPhases = (
				3A4974A02ACD56C6005890E5 /* Sources */,
				3A4974A12ACD56C6005890E5 /* Frameworks */,
				3A4974A22ACD56C6005890E5 /* Resources */,
			);
			buildRules = (
			);
			dependencies = (
				3A4974A92ACD56C6005890E5 /* PBXTargetDependency */,
			);
			name = PodcastProximaParadaSwiftTests;
			productName = PodcastProximaParadaSwiftTests;
			productReference = 3A4974A42ACD56C6005890E5 /* PodcastProximaParadaSwiftTests.xctest */;
			productType = "com.apple.product-type.bundle.unit-test";
		};
/* End PBXNativeTarget section */

/* Begin PBXProject section */
		3A4974782ACD5272005890E5 /* Project object */ = {
			isa = PBXProject;
			attributes = {
				BuildIndependentTargetsInParallel = 1;
				LastSwiftUpdateCheck = 1500;
				LastUpgradeCheck = 1500;
				TargetAttributes = {
					3A49747F2ACD5272005890E5 = {
						CreatedOnToolsVersion = 15.0;
					};
					3A4974A32ACD56C6005890E5 = {
						CreatedOnToolsVersion = 15.0;
						TestTargetID = 3A49747F2ACD5272005890E5;
					};
				};
			};
			buildConfigurationList = 3A49747B2ACD5272005890E5 /* Build configuration list for PBXProject "PodcastProximaParadaSwift" */;
			compatibilityVersion = "Xcode 14.0";
			developmentRegion = en;
			hasScannedForEncodings = 0;
			knownRegions = (
				en,
				Base,
			);
			mainGroup = 3A4974772ACD5272005890E5;
			productRefGroup = 3A4974812ACD5272005890E5 /* Products */;
			projectDirPath = "";
			projectRoot = "";
			targets = (
				3A49747F2ACD5272005890E5 /* PodcastProximaParadaSwift */,
				3A4974A32ACD56C6005890E5 /* PodcastProximaParadaSwiftTests */,
			);
		};
/* End PBXProject section */

/* Begin PBXResourcesBuildPhase section */
		3A49747E2ACD5272005890E5 /* Resources */ = {
			isa = PBXResourcesBuildPhase;
			buildActionMask = 2147483647;
			files = (
				3A49748D2ACD5273005890E5 /* Preview Assets.xcassets in Resources */,
				3A49748A2ACD5273005890E5 /* Assets.xcassets in Resources */,
			);
			runOnlyForDeploymentPostprocessing = 0;
		};
		3A4974A22ACD56C6005890E5 /* Resources */ = {
			isa = PBXResourcesBuildPhase;
			buildActionMask = 2147483647;
			files = (
			);
			runOnlyForDeploymentPostprocessing = 0;
		};
/* End PBXResourcesBuildPhase section */

/* Begin PBXSourcesBuildPhase section */
		3A49747C2ACD5272005890E5 /* Sources */ = {
			isa = PBXSourcesBuildPhase;
			buildActionMask = 2147483647;
			files = (
				3A4974862ACD5272005890E5 /* ContentView.swift in Sources */,
				3A49749F2ACD54C6005890E5 /* URLProduction.swift in Sources */,
				3A49749A2ACD53BC005890E5 /* Interface.swift in Sources */,
				3A49749D2ACD5422005890E5 /* Network.swift in Sources */,
				3A4974962ACD5348005890E5 /* Episode.swift in Sources */,
				3A4974882ACD5272005890E5 /* Item.swift in Sources */,
				3A4974842ACD5272005890E5 /* PodcastProximaParadaSwiftApp.swift in Sources */,
			);
			runOnlyForDeploymentPostprocessing = 0;
		};
		3A4974A02ACD56C6005890E5 /* Sources */ = {
			isa = PBXSourcesBuildPhase;
			buildActionMask = 2147483647;
			files = (
				3A4974A72ACD56C6005890E5 /* PodcastProximaParadaSwiftTests.swift in Sources */,
			);
			runOnlyForDeploymentPostprocessing = 0;
		};
/* End PBXSourcesBuildPhase section */

/* Begin PBXTargetDependency section */
		3A4974A92ACD56C6005890E5 /* PBXTargetDependency */ = {
			isa = PBXTargetDependency;
			target = 3A49747F2ACD5272005890E5 /* PodcastProximaParadaSwift */;
			targetProxy = 3A4974A82ACD56C6005890E5 /* PBXContainerItemProxy */;
		};
/* End PBXTargetDependency section */

/* Begin XCBuildConfiguration section */
		3A49748E2ACD5273005890E5 /* Debug */ = {
			isa = XCBuildConfiguration;
			buildSettings = {
				ALWAYS_SEARCH_USER_PATHS = NO;
				ASSETCATALOG_COMPILER_GENERATE_SWIFT_ASSET_SYMBOL_EXTENSIONS = YES;
				CLANG_ANALYZER_NONNULL = YES;
				CLANG_ANALYZER_NUMBER_OBJECT_CONVERSION = YES_AGGRESSIVE;
				CLANG_CXX_LANGUAGE_STANDARD = "gnu++20";
				CLANG_ENABLE_MODULES = YES;
				CLANG_ENABLE_OBJC_ARC = YES;
				CLANG_ENABLE_OBJC_WEAK = YES;
				CLANG_WARN_BLOCK_CAPTURE_AUTORELEASING = YES;
				CLANG_WARN_BOOL_CONVERSION = YES;
				CLANG_WARN_COMMA = YES;
				CLANG_WARN_CONSTANT_CONVERSION = YES;
				CLANG_WARN_DEPRECATED_OBJC_IMPLEMENTATIONS = YES;
				CLANG_WARN_DIRECT_OBJC_ISA_USAGE = YES_ERROR;
				CLANG_WARN_DOCUMENTATION_COMMENTS = YES;
				CLANG_WARN_EMPTY_BODY = YES;
				CLANG_WARN_ENUM_CONVERSION = YES;
				CLANG_WARN_INFINITE_RECURSION = YES;
				CLANG_WARN_INT_CONVERSION = YES;
				CLANG_WARN_NON_LITERAL_NULL_CONVERSION = YES;
				CLANG_WARN_OBJC_IMPLICIT_RETAIN_SELF = YES;
				CLANG_WARN_OBJC_LITERAL_CONVERSION = YES;
				CLANG_WARN_OBJC_ROOT_CLASS = YES_ERROR;
				CLANG_WARN_QUOTED_INCLUDE_IN_FRAMEWORK_HEADER = YES;
				CLANG_WARN_RANGE_LOOP_ANALYSIS = YES;
				CLANG_WARN_STRICT_PROTOTYPES = YES;
				CLANG_WARN_SUSPICIOUS_MOVE = YES;
				CLANG_WARN_UNGUARDED_AVAILABILITY = YES_AGGRESSIVE;
				CLANG_WARN_UNREACHABLE_CODE = YES;
				CLANG_WARN__DUPLICATE_METHOD_MATCH = YES;
				COPY_PHASE_STRIP = NO;
				DEBUG_INFORMATION_FORMAT = dwarf;
				ENABLE_STRICT_OBJC_MSGSEND = YES;
				ENABLE_TESTABILITY = YES;
				ENABLE_USER_SCRIPT_SANDBOXING = YES;
				GCC_C_LANGUAGE_STANDARD = gnu17;
				GCC_DYNAMIC_NO_PIC = NO;
				GCC_NO_COMMON_BLOCKS = YES;
				GCC_OPTIMIZATION_LEVEL = 0;
				GCC_PREPROCESSOR_DEFINITIONS = (
					"DEBUG=1",
					"$(inherited)",
				);
				GCC_WARN_64_TO_32_BIT_CONVERSION = YES;
				GCC_WARN_ABOUT_RETURN_TYPE = YES_ERROR;
				GCC_WARN_UNDECLARED_SELECTOR = YES;
				GCC_WARN_UNINITIALIZED_AUTOS = YES_AGGRESSIVE;
				GCC_WARN_UNUSED_FUNCTION = YES;
				GCC_WARN_UNUSED_VARIABLE = YES;
				IPHONEOS_DEPLOYMENT_TARGET = 17.0;
				LOCALIZATION_PREFERS_STRING_CATALOGS = YES;
				MTL_ENABLE_DEBUG_INFO = INCLUDE_SOURCE;
				MTL_FAST_MATH = YES;
				ONLY_ACTIVE_ARCH = YES;
				SDKROOT = iphoneos;
				SWIFT_ACTIVE_COMPILATION_CONDITIONS = "DEBUG $(inherited)";
				SWIFT_OPTIMIZATION_LEVEL = "-Onone";
			};
			name = Debug;
		};
		3A49748F2ACD5273005890E5 /* Release */ = {
			isa = XCBuildConfiguration;
			buildSettings = {
				ALWAYS_SEARCH_USER_PATHS = NO;
				ASSETCATALOG_COMPILER_GENERATE_SWIFT_ASSET_SYMBOL_EXTENSIONS = YES;
				CLANG_ANALYZER_NONNULL = YES;
				CLANG_ANALYZER_NUMBER_OBJECT_CONVERSION = YES_AGGRESSIVE;
				CLANG_CXX_LANGUAGE_STANDARD = "gnu++20";
				CLANG_ENABLE_MODULES = YES;
				CLANG_ENABLE_OBJC_ARC = YES;
				CLANG_ENABLE_OBJC_WEAK = YES;
				CLANG_WARN_BLOCK_CAPTURE_AUTORELEASING = YES;
				CLANG_WARN_BOOL_CONVERSION = YES;
				CLANG_WARN_COMMA = YES;
				CLANG_WARN_CONSTANT_CONVERSION = YES;
				CLANG_WARN_DEPRECATED_OBJC_IMPLEMENTATIONS = YES;
				CLANG_WARN_DIRECT_OBJC_ISA_USAGE = YES_ERROR;
				CLANG_WARN_DOCUMENTATION_COMMENTS = YES;
				CLANG_WARN_EMPTY_BODY = YES;
				CLANG_WARN_ENUM_CONVERSION = YES;
				CLANG_WARN_INFINITE_RECURSION = YES;
				CLANG_WARN_INT_CONVERSION = YES;
				CLANG_WARN_NON_LITERAL_NULL_CONVERSION = YES;
				CLANG_WARN_OBJC_IMPLICIT_RETAIN_SELF = YES;
				CLANG_WARN_OBJC_LITERAL_CONVERSION = YES;
				CLANG_WARN_OBJC_ROOT_CLASS = YES_ERROR;
				CLANG_WARN_QUOTED_INCLUDE_IN_FRAMEWORK_HEADER = YES;
				CLANG_WARN_RANGE_LOOP_ANALYSIS = YES;
				CLANG_WARN_STRICT_PROTOTYPES = YES;
				CLANG_WARN_SUSPICIOUS_MOVE = YES;
				CLANG_WARN_UNGUARDED_AVAILABILITY = YES_AGGRESSIVE;
				CLANG_WARN_UNREACHABLE_CODE = YES;
				CLANG_WARN__DUPLICATE_METHOD_MATCH = YES;
				COPY_PHASE_STRIP = NO;
				DEBUG_INFORMATION_FORMAT = "dwarf-with-dsym";
				ENABLE_NS_ASSERTIONS = NO;
				ENABLE_STRICT_OBJC_MSGSEND = YES;
				ENABLE_USER_SCRIPT_SANDBOXING = YES;
				GCC_C_LANGUAGE_STANDARD = gnu17;
				GCC_NO_COMMON_BLOCKS = YES;
				GCC_WARN_64_TO_32_BIT_CONVERSION = YES;
				GCC_WARN_ABOUT_RETURN_TYPE = YES_ERROR;
				GCC_WARN_UNDECLARED_SELECTOR = YES;
				GCC_WARN_UNINITIALIZED_AUTOS = YES_AGGRESSIVE;
				GCC_WARN_UNUSED_FUNCTION = YES;
				GCC_WARN_UNUSED_VARIABLE = YES;
				IPHONEOS_DEPLOYMENT_TARGET = 17.0;
				LOCALIZATION_PREFERS_STRING_CATALOGS = YES;
				MTL_ENABLE_DEBUG_INFO = NO;
				MTL_FAST_MATH = YES;
				SDKROOT = iphoneos;
				SWIFT_COMPILATION_MODE = wholemodule;
				VALIDATE_PRODUCT = YES;
			};
			name = Release;
		};
		3A4974912ACD5273005890E5 /* Debug */ = {
			isa = XCBuildConfiguration;
			buildSettings = {
				ASSETCATALOG_COMPILER_APPICON_NAME = AppIcon;
				ASSETCATALOG_COMPILER_GLOBAL_ACCENT_COLOR_NAME = AccentColor;
				CODE_SIGN_STYLE = Automatic;
				CURRENT_PROJECT_VERSION = 1;
				DEVELOPMENT_ASSET_PATHS = "\"PodcastProximaParadaSwift/Preview Content\"";
				DEVELOPMENT_TEAM = 6SPUJN2479;
				ENABLE_PREVIEWS = YES;
				GENERATE_INFOPLIST_FILE = YES;
				INFOPLIST_KEY_UIApplicationSceneManifest_Generation = YES;
				INFOPLIST_KEY_UIApplicationSupportsIndirectInputEvents = YES;
				INFOPLIST_KEY_UILaunchScreen_Generation = YES;
				INFOPLIST_KEY_UISupportedInterfaceOrientations_iPad = "UIInterfaceOrientationPortrait UIInterfaceOrientationPortraitUpsideDown UIInterfaceOrientationLandscapeLeft UIInterfaceOrientationLandscapeRight";
				INFOPLIST_KEY_UISupportedInterfaceOrientations_iPhone = "UIInterfaceOrientationPortrait UIInterfaceOrientationLandscapeLeft UIInterfaceOrientationLandscapeRight";
				LD_RUNPATH_SEARCH_PATHS = (
					"$(inherited)",
					"@executable_path/Frameworks",
				);
				MARKETING_VERSION = 1.0;
				PRODUCT_BUNDLE_IDENTIFIER = dev.adrianiraizos.PodcastProximaParadaSwift;
				PRODUCT_NAME = "$(TARGET_NAME)";
				SWIFT_EMIT_LOC_STRINGS = YES;
				SWIFT_VERSION = 5.0;
				TARGETED_DEVICE_FAMILY = "1,2";
			};
			name = Debug;
		};
		3A4974922ACD5273005890E5 /* Release */ = {
			isa = XCBuildConfiguration;
			buildSettings = {
				ASSETCATALOG_COMPILER_APPICON_NAME = AppIcon;
				ASSETCATALOG_COMPILER_GLOBAL_ACCENT_COLOR_NAME = AccentColor;
				CODE_SIGN_STYLE = Automatic;
				CURRENT_PROJECT_VERSION = 1;
				DEVELOPMENT_ASSET_PATHS = "\"PodcastProximaParadaSwift/Preview Content\"";
				DEVELOPMENT_TEAM = 6SPUJN2479;
				ENABLE_PREVIEWS = YES;
				GENERATE_INFOPLIST_FILE = YES;
				INFOPLIST_KEY_UIApplicationSceneManifest_Generation = YES;
				INFOPLIST_KEY_UIApplicationSupportsIndirectInputEvents = YES;
				INFOPLIST_KEY_UILaunchScreen_Generation = YES;
				INFOPLIST_KEY_UISupportedInterfaceOrientations_iPad = "UIInterfaceOrientationPortrait UIInterfaceOrientationPortraitUpsideDown UIInterfaceOrientationLandscapeLeft UIInterfaceOrientationLandscapeRight";
				INFOPLIST_KEY_UISupportedInterfaceOrientations_iPhone = "UIInterfaceOrientationPortrait UIInterfaceOrientationLandscapeLeft UIInterfaceOrientationLandscapeRight";
				LD_RUNPATH_SEARCH_PATHS = (
					"$(inherited)",
					"@executable_path/Frameworks",
				);
				MARKETING_VERSION = 1.0;
				PRODUCT_BUNDLE_IDENTIFIER = dev.adrianiraizos.PodcastProximaParadaSwift;
				PRODUCT_NAME = "$(TARGET_NAME)";
				SWIFT_EMIT_LOC_STRINGS = YES;
				SWIFT_VERSION = 5.0;
				TARGETED_DEVICE_FAMILY = "1,2";
			};
			name = Release;
		};
		3A4974AB2ACD56C6005890E5 /* Debug */ = {
			isa = XCBuildConfiguration;
			buildSettings = {
				BUNDLE_LOADER = "$(TEST_HOST)";
				CODE_SIGN_STYLE = Automatic;
				CURRENT_PROJECT_VERSION = 1;
				DEVELOPMENT_TEAM = 6SPUJN2479;
				GENERATE_INFOPLIST_FILE = YES;
				MARKETING_VERSION = 1.0;
				PRODUCT_BUNDLE_IDENTIFIER = dev.adrianiraizos.PodcastProximaParadaSwiftTests;
				PRODUCT_NAME = "$(TARGET_NAME)";
				SWIFT_EMIT_LOC_STRINGS = NO;
				SWIFT_VERSION = 5.0;
				TARGETED_DEVICE_FAMILY = "1,2";
				TEST_HOST = "$(BUILT_PRODUCTS_DIR)/PodcastProximaParadaSwift.app/$(BUNDLE_EXECUTABLE_FOLDER_PATH)/PodcastProximaParadaSwift";
			};
			name = Debug;
		};
		3A4974AC2ACD56C6005890E5 /* Release */ = {
			isa = XCBuildConfiguration;
			buildSettings = {
				BUNDLE_LOADER = "$(TEST_HOST)";
				CODE_SIGN_STYLE = Automatic;
				CURRENT_PROJECT_VERSION = 1;
				DEVELOPMENT_TEAM = 6SPUJN2479;
				GENERATE_INFOPLIST_FILE = YES;
				MARKETING_VERSION = 1.0;
				PRODUCT_BUNDLE_IDENTIFIER = dev.adrianiraizos.PodcastProximaParadaSwiftTests;
				PRODUCT_NAME = "$(TARGET_NAME)";
				SWIFT_EMIT_LOC_STRINGS = NO;
				SWIFT_VERSION = 5.0;
				TARGETED_DEVICE_FAMILY = "1,2";
				TEST_HOST = "$(BUILT_PRODUCTS_DIR)/PodcastProximaParadaSwift.app/$(BUNDLE_EXECUTABLE_FOLDER_PATH)/PodcastProximaParadaSwift";
			};
			name = Release;
		};
/* End XCBuildConfiguration section */

/* Begin XCConfigurationList section */
		3A49747B2ACD5272005890E5 /* Build configuration list for PBXProject "PodcastProximaParadaSwift" */ = {
			isa = XCConfigurationList;
			buildConfigurations = (
				3A49748E2ACD5273005890E5 /* Debug */,
				3A49748F2ACD5273005890E5 /* Release */,
			);
			defaultConfigurationIsVisible = 0;
			defaultConfigurationName = Release;
		};
		3A4974902ACD5273005890E5 /* Build configuration list for PBXNativeTarget "PodcastProximaParadaSwift" */ = {
			isa = XCConfigurationList;
			buildConfigurations = (
				3A4974912ACD5273005890E5 /* Debug */,
				3A4974922ACD5273005890E5 /* Release */,
			);
			defaultConfigurationIsVisible = 0;
			defaultConfigurationName = Release;
		};
		3A4974AA2ACD56C6005890E5 /* Build configuration list for PBXNativeTarget "PodcastProximaParadaSwiftTests" */ = {
			isa = XCConfigurationList;
			buildConfigurations = (
				3A4974AB2ACD56C6005890E5 /* Debug */,
				3A4974AC2ACD56C6005890E5 /* Release */,
			);
			defaultConfigurationIsVisible = 0;
			defaultConfigurationName = Release;
		};
/* End XCConfigurationList section */
	};
	rootObject = 3A4974782ACD5272005890E5 /* Project object */;
}
